<?xml version="1.0" encoding="UTF-8"?>
<CodeBlocks_project_file>
	<FileVersion major="1" minor="6"/>
	<Project>
		<Option title="EMOCT"/>
		<Option makefile_is_custom="1"/>
		<Option compiler="gcc"/>
		<Option virtualFolders="CMake Files\;CMake Files\..\;CMake Files\..\..\;CMake Files\..\..\..\;CMake Files\..\..\..\usr\;CMake Files\..\..\..\usr\local\;CMake Files\..\..\..\usr\local\share\;CMake Files\..\..\..\usr\local\share\eigen3\;CMake Files\..\..\..\usr\local\share\eigen3\cmake\;CMake Files\..\..\..\usr\local\share\OpenCV\;"/>
		<Build>
			<Target title="all">
				<Option working_dir="/Users/furukawa/EMOCT"/>
				<Option type="4"/>
				<MakeCommands>
					<Build command=" -f &quot;/Users/furukawa/EMOCT/Makefile&quot;  VERBOSE=1 all"/>
					<CompileFile command=" -f &quot;/Users/furukawa/EMOCT/Makefile&quot;  VERBOSE=1 &quot;$file&quot;"/>
					<Clean command=" -f &quot;/Users/furukawa/EMOCT/Makefile&quot;  VERBOSE=1 clean"/>
					<DistClean command=" -f &quot;/Users/furukawa/EMOCT/Makefile&quot;  VERBOSE=1 clean"/>
				</MakeCommands>
			</Target>
			<Target title="rebuild_cache">
				<Option working_dir="/Users/furukawa/EMOCT"/>
				<Option type="4"/>
				<MakeCommands>
					<Build command=" -f &quot;/Users/furukawa/EMOCT/Makefile&quot;  VERBOSE=1 rebuild_cache"/>
					<CompileFile command=" -f &quot;/Users/furukawa/EMOCT/Makefile&quot;  VERBOSE=1 &quot;$file&quot;"/>
					<Clean command=" -f &quot;/Users/furukawa/EMOCT/Makefile&quot;  VERBOSE=1 clean"/>
					<DistClean command=" -f &quot;/Users/furukawa/EMOCT/Makefile&quot;  VERBOSE=1 clean"/>
				</MakeCommands>
			</Target>
			<Target title="edit_cache">
				<Option working_dir="/Users/furukawa/EMOCT"/>
				<Option type="4"/>
				<MakeCommands>
					<Build command=" -f &quot;/Users/furukawa/EMOCT/Makefile&quot;  VERBOSE=1 edit_cache"/>
					<CompileFile command=" -f &quot;/Users/furukawa/EMOCT/Makefile&quot;  VERBOSE=1 &quot;$file&quot;"/>
					<Clean command=" -f &quot;/Users/furukawa/EMOCT/Makefile&quot;  VERBOSE=1 clean"/>
					<DistClean command=" -f &quot;/Users/furukawa/EMOCT/Makefile&quot;  VERBOSE=1 clean"/>
				</MakeCommands>
			</Target>
			<Target title="EMOCT">
				<Option output="/Users/furukawa/EMOCT/EMOCT" prefix_auto="0" extension_auto="0"/>
				<Option working_dir="/Users/furukawa/EMOCT"/>
				<Option object_output="./"/>
				<Option type="1"/>
				<Option compiler="gcc"/>
				<Compiler>
					<Add directory="/Users/furukawa/EMOCT/src"/>
					<Add directory="/usr/local/include/eigen3"/>
					<Add directory="/usr/local/Cellar/boost/1.64.0_1/include"/>
					<Add directory="/usr/local/include/opencv"/>
					<Add directory="/usr/local/include"/>
				</Compiler>
				<MakeCommands>
					<Build command=" -f &quot;/Users/furukawa/EMOCT/Makefile&quot;  VERBOSE=1 EMOCT"/>
					<CompileFile command=" -f &quot;/Users/furukawa/EMOCT/Makefile&quot;  VERBOSE=1 &quot;$file&quot;"/>
					<Clean command=" -f &quot;/Users/furukawa/EMOCT/Makefile&quot;  VERBOSE=1 clean"/>
					<DistClean command=" -f &quot;/Users/furukawa/EMOCT/Makefile&quot;  VERBOSE=1 clean"/>
				</MakeCommands>
			</Target>
			<Target title="EMOCT/fast">
				<Option output="/Users/furukawa/EMOCT/EMOCT" prefix_auto="0" extension_auto="0"/>
				<Option working_dir="/Users/furukawa/EMOCT"/>
				<Option object_output="./"/>
				<Option type="1"/>
				<Option compiler="gcc"/>
				<Compiler>
					<Add directory="/Users/furukawa/EMOCT/src"/>
					<Add directory="/usr/local/include/eigen3"/>
					<Add directory="/usr/local/Cellar/boost/1.64.0_1/include"/>
					<Add directory="/usr/local/include/opencv"/>
					<Add directory="/usr/local/include"/>
				</Compiler>
				<MakeCommands>
					<Build command=" -f &quot;/Users/furukawa/EMOCT/Makefile&quot;  VERBOSE=1 EMOCT/fast"/>
					<CompileFile command=" -f &quot;/Users/furukawa/EMOCT/Makefile&quot;  VERBOSE=1 &quot;$file&quot;"/>
					<Clean command=" -f &quot;/Users/furukawa/EMOCT/Makefile&quot;  VERBOSE=1 clean"/>
					<DistClean command=" -f &quot;/Users/furukawa/EMOCT/Makefile&quot;  VERBOSE=1 clean"/>
				</MakeCommands>
			</Target>
		</Build>
		<Unit filename="/Users/furukawa/EMOCT/CUDAMath.h">
			<Option target="EMOCT"/>
		</Unit>
		<Unit filename="/Users/furukawa/EMOCT/EMO.cpp">
			<Option target="EMOCT"/>
		</Unit>
		<Unit filename="/Users/furukawa/EMOCT/EMO.h">
			<Option target="EMOCT"/>
		</Unit>
		<Unit filename="/Users/furukawa/EMOCT/InverseDomain.cpp">
			<Option target="EMOCT"/>
		</Unit>
		<Unit filename="/Users/furukawa/EMOCT/InverseDomain.h">
			<Option target="EMOCT"/>
		</Unit>
		<Unit filename="/Users/furukawa/EMOCT/MersenneTwister.h">
			<Option target="EMOCT"/>
		</Unit>
		<Unit filename="/Users/furukawa/EMOCT/gact_main.cpp">
			<Option target="EMOCT"/>
		</Unit>
		<Unit filename="/Users/furukawa/EMOCT/ilab.h">
			<Option target="EMOCT"/>
		</Unit>
		<Unit filename="/Users/furukawa/EMOCT/ilab/art.h">
			<Option target="EMOCT"/>
		</Unit>
		<Unit filename="/Users/furukawa/EMOCT/ilab/distribution.h">
			<Option target="EMOCT"/>
		</Unit>
		<Unit filename="/Users/furukawa/EMOCT/ilab/projection.h">
			<Option target="EMOCT"/>
		</Unit>
		<Unit filename="/Users/furukawa/EMOCT/ilab/projector.h">
			<Option target="EMOCT"/>
		</Unit>
		<Unit filename="/Users/furukawa/EMOCT/mtrand.cpp">
			<Option target="EMOCT"/>
		</Unit>
		<Unit filename="/Users/furukawa/EMOCT/mtrand.h">
			<Option target="EMOCT"/>
		</Unit>
		<Unit filename="/Users/furukawa/EMOCT/CMakeLists.txt">
			<Option virtualFolder="CMake Files\"/>
		</Unit>
		<Unit filename="/Users/furukawa/EMOCT/../../../usr/local/share/eigen3/cmake/Eigen3ConfigVersion.cmake">
			<Option virtualFolder="CMake Files\..\..\..\usr\local\share\eigen3\cmake\"/>
		</Unit>
		<Unit filename="/Users/furukawa/EMOCT/../../../usr/local/share/eigen3/cmake/Eigen3Config.cmake">
			<Option virtualFolder="CMake Files\..\..\..\usr\local\share\eigen3\cmake\"/>
		</Unit>
		<Unit filename="/Users/furukawa/EMOCT/../../../usr/local/share/eigen3/cmake/Eigen3Targets.cmake">
			<Option virtualFolder="CMake Files\..\..\..\usr\local\share\eigen3\cmake\"/>
		</Unit>
		<Unit filename="/Users/furukawa/EMOCT/../../../usr/local/share/OpenCV/OpenCVConfig-version.cmake">
			<Option virtualFolder="CMake Files\..\..\..\usr\local\share\OpenCV\"/>
		</Unit>
		<Unit filename="/Users/furukawa/EMOCT/../../../usr/local/share/OpenCV/OpenCVConfig.cmake">
			<Option virtualFolder="CMake Files\..\..\..\usr\local\share\OpenCV\"/>
		</Unit>
		<Unit filename="/Users/furukawa/EMOCT/../../../usr/local/share/OpenCV/OpenCVModules.cmake">
			<Option virtualFolder="CMake Files\..\..\..\usr\local\share\OpenCV\"/>
		</Unit>
		<Unit filename="/Users/furukawa/EMOCT/../../../usr/local/share/OpenCV/OpenCVModules-release.cmake">
			<Option virtualFolder="CMake Files\..\..\..\usr\local\share\OpenCV\"/>
		</Unit>
	</Project>
</CodeBlocks_project_file>
